
Microsoft Visual Studio Solution File, Format Version 12.00
# Visual Studio Version 17
VisualStudioVersion = 17.14.35906.104 d17.14
MinimumVisualStudioVersion = 10.0.40219.1
Project("{FAE04EC0-301F-11D3-BF4B-00C04F79EFBC}") = "RamenApi", "RamenApi\RamenApi.csproj", "{EE73B647-CCD9-435D-8C42-118F9724F9F4}"
EndProject
Global
	GlobalSection(SolutionConfigurationPlatforms) = preSolution
		Debug|Any CPU = Debug|Any CPU
		Release|Any CPU = Release|Any CPU
	EndGlobalSection
	GlobalSection(ProjectConfigurationPlatforms) = postSolution
		{EE73B647-CCD9-435D-8C42-118F9724F9F4}.Debug|Any CPU.ActiveCfg = Debug|Any CPU
		{EE73B647-CCD9-435D-8C42-118F9724F9F4}.Debug|Any CPU.Build.0 = Debug|Any CPU
		{EE73B647-CCD9-435D-8C42-118F9724F9F4}.Release|Any CPU.ActiveCfg = Release|Any CPU
		{EE73B647-CCD9-435D-8C42-118F9724F9F4}.Release|Any CPU.Build.0 = Release|Any CPU
	EndGlobalSection
	GlobalSection(SolutionProperties) = preSolution
		HideSolutionNode = FALSE
	EndGlobalSection
	GlobalSection(ExtensibilityGlobals) = postSolution
		SolutionGuid = {0C3800BF-F022-4FD3-B623-5EB5915F4317}
	EndGlobalSection
EndGlobal
